Microsoft Visual Studio Solution File, Format Version 12.00
# Visual Studio Version 17
VisualStudioVersion = 17.0.31912.275
MinimumVisualStudioVersion = 10.0.40219.1
Project("{FAE04EC0-301F-11D3-BF4B-00C04F79EFBC}") = "LoanApi.Api", "LoanApi.Api\\LoanApi.Api.csproj", "{88678BF5-DEC1-42E3-8AA3-01E0F2CCBB42}"
EndProject
Project("{FAE04EC0-301F-11D3-BF4B-00C04F79EFBC}") = "LoanApi.Application", "LoanApi.Application\\LoanApi.Application.csproj", "{0B0B7961-5ADB-4FA3-9ECB-3C8C844E20B2}"
EndProject
Project("{FAE04EC0-301F-11D3-BF4B-00C04F79EFBC}") = "LoanApi.Domain", "LoanApi.Domain\\LoanApi.Domain.csproj", "{BAA1A849-8774-419E-99E5-9171CFAF00D4}"
EndProject
Project("{FAE04EC0-301F-11D3-BF4B-00C04F79EFBC}") = "LoanApi.Infrastructure", "LoanApi.Infrastructure\\LoanApi.Infrastructure.csproj", "{CF642535-7C7C-4ECC-951F-DC483797278F}"
EndProject
Global
GlobalSection(SolutionConfigurationPlatforms) = preSolution
Debug|Any CPU = Debug|Any CPU
Release|Any CPU = Release|Any CPU
EndGlobalSection
GlobalSection(ProjectConfigurationPlatforms) = postSolution
{88678BF5-DEC1-42E3-8AA3-01E0F2CCBB42}.Debug|Any CPU.ActiveCfg = Debug|Any CPU
{88678BF5-DEC1-42E3-8AA3-01E0F2CCBB42}.Debug|Any CPU.Build.0 = Debug|Any CPU
{88678BF5-DEC1-42E3-8AA3-01E0F2CCBB42}.Release|Any CPU.ActiveCfg = Release|Any CPU
{88678BF5-DEC1-42E3-8AA3-01E0F2CCBB42}.Release|Any CPU.Build.0 = Release|Any CPU
{0B0B7961-5ADB-4FA3-9ECB-3C8C844E20B2}.Debug|Any CPU.ActiveCfg = Debug|Any CPU
{0B0B7961-5ADB-4FA3-9ECB-3C8C844E20B2}.Debug|Any CPU.Build.0 = Debug|Any CPU
{0B0B7961-5ADB-4FA3-9ECB-3C8C844E20B2}.Release|Any CPU.ActiveCfg = Release|Any CPU
{0B0B7961-5ADB-4FA3-9ECB-3C8C844E20B2}.Release|Any CPU.Build.0 = Release|Any CPU
{BAA1A849-8774-419E-99E5-9171CFAF00D4}.Debug|Any CPU.ActiveCfg = Debug|Any CPU
{BAA1A849-8774-419E-99E5-9171CFAF00D4}.Debug|Any CPU.Build.0 = Debug|Any CPU
{BAA1A849-8774-419E-99E5-9171CFAF00D4}.Release|Any CPU.ActiveCfg = Release|Any CPU
{BAA1A849-8774-419E-99E5-9171CFAF00D4}.Release|Any CPU.Build.0 = Release|Any CPU
{CF642535-7C7C-4ECC-951F-DC483797278F}.Debug|Any CPU.ActiveCfg = Debug|Any CPU
{CF642535-7C7C-4ECC-951F-DC483797278F}.Debug|Any CPU.Build.0 = Debug|Any CPU
{CF642535-7C7C-4ECC-951F-DC483797278F}.Release|Any CPU.ActiveCfg = Release|Any CPU
{CF642535-7C7C-4ECC-951F-DC483797278F}.Release|Any CPU.Build.0 = Release|Any CPU
EndGlobalSection
GlobalSection(SolutionProperties) = preSolution
HideSolutionNode = FALSE
EndGlobalSection
GlobalSection(ExtensibilityGlobals) = postSolution
SolutionGuid = {51C51B5F-941D-44E4-80B4-F2CDD2391CBF}
EndGlobalSection
EndGlobal
